
Microsoft Visual Studio Solution File, Format Version 12.00
# Visual Studio 15
VisualStudioVersion = 15.0.26730.15
MinimumVisualStudioVersion = 10.0.40219.1
Project("{2150E333-8FDC-42A3-9474-1A3956D46DE8}") = "Solution Items", "Solution Items", "{D020F6A6-D011-4DFB-9AF5-B291E632BC44}"
	ProjectSection(SolutionItems) = preProject
		CurrencyAlerts.lua = CurrencyAlerts.lua
		CurrencyAlerts.toc = CurrencyAlerts.toc
	EndProjectSection
EndProject
Global
	GlobalSection(SolutionProperties) = preSolution
		HideSolutionNode = FALSE
	EndGlobalSection
	GlobalSection(ExtensibilityGlobals) = postSolution
		SolutionGuid = {E82E0E04-40D4-415E-81EE-AE153BEE0017}
	EndGlobalSection
EndGlobal
